// !$*UTF8*$!
{
	archiveVersion = 1;
	classes = {
	};
	objectVersion = 55;
	objects = {

/* Begin PBXBuildFile section */
		12293AC927DDEB0300EB81A2 /* AppDelegate.swift in Sources */ = {isa = PBXBuildFile; fileRef = 12293AC827DDEB0300EB81A2 /* AppDelegate.swift */; };
		12293ACB27DDEB0300EB81A2 /* art.scnassets in Resources */ = {isa = PBXBuildFile; fileRef = 12293ACA27DDEB0300EB81A2 /* art.scnassets */; };
		12293ACD27DDEB0300EB81A2 /* ViewController.swift in Sources */ = {isa = PBXBuildFile; fileRef = 12293ACC27DDEB0300EB81A2 /* ViewController.swift */; };
		12293AD027DDEB0300EB81A2 /* Main.storyboard in Resources */ = {isa = PBXBuildFile; fileRef = 12293ACE27DDEB0300EB81A2 /* Main.storyboard */; };
		12293AD227DDEB0500EB81A2 /* Assets.xcassets in Resources */ = {isa = PBXBuildFile; fileRef = 12293AD127DDEB0500EB81A2 /* Assets.xcassets */; };
		12293AD527DDEB0500EB81A2 /* LaunchScreen.storyboard in Resources */ = {isa = PBXBuildFile; fileRef = 12293AD327DDEB0500EB81A2 /* LaunchScreen.storyboard */; };
		12293ADE27DDEC8C00EB81A2 /* ARVideoKit in Frameworks */ = {isa = PBXBuildFile; productRef = 12293ADD27DDEC8C00EB81A2 /* ARVideoKit */; };
/* End PBXBuildFile section */

/* Begin PBXFileReference section */
		12293AC527DDEB0300EB81A2 /* Ekko.app */ = {isa = PBXFileReference; explicitFileType = wrapper.application; includeInIndex = 0; path = Ekko.app; sourceTree = BUILT_PRODUCTS_DIR; };
		12293AC827DDEB0300EB81A2 /* AppDelegate.swift */ = {isa = PBXFileReference; lastKnownFileType = sourcecode.swift; path = AppDelegate.swift; sourceTree = "<group>"; };
		12293ACA27DDEB0300EB81A2 /* art.scnassets */ = {isa = PBXFileReference; lastKnownFileType = wrapper.scnassets; path = art.scnassets; sourceTree = "<group>"; };
		12293ACC27DDEB0300EB81A2 /* ViewController.swift */ = {isa = PBXFileReference; lastKnownFileType = sourcecode.swift; path = ViewController.swift; sourceTree = "<group>"; };
		12293ACF27DDEB0300EB81A2 /* Base */ = {isa = PBXFileReference; lastKnownFileType = file.storyboard; name = Base; path = Base.lproj/Main.storyboard; sourceTree = "<group>"; };
		12293AD127DDEB0500EB81A2 /* Assets.xcassets */ = {isa = PBXFileReference; lastKnownFileType = folder.assetcatalog; path = Assets.xcassets; sourceTree = "<group>"; };
		12293AD427DDEB0500EB81A2 /* Base */ = {isa = PBXFileReference; lastKnownFileType = file.storyboard; name = Base; path = Base.lproj/LaunchScreen.storyboard; sourceTree = "<group>"; };
/* End PBXFileReference section */

/* Begin PBXFrameworksBuildPhase section */
		12293AC227DDEB0300EB81A2 /* Frameworks */ = {
			isa = PBXFrameworksBuildPhase;
			buildActionMask = 2147483647;
			files = (
				12293ADE27DDEC8C00EB81A2 /* ARVideoKit in Frameworks */,
			);
			runOnlyForDeploymentPostprocessing = 0;
		};
/* End PBXFrameworksBuildPhase section */

/* Begin PBXGroup section */
		12293ABC27DDEB0300EB81A2 = {
			isa = PBXGroup;
			children = (
				12293AC727DDEB0300EB81A2 /* Ekko */,
				12293AC627DDEB0300EB81A2 /* Products */,
			);
			sourceTree = "<group>";
		};
		12293AC627DDEB0300EB81A2 /* Products */ = {
			isa = PBXGroup;
			children = (
				12293AC527DDEB0300EB81A2 /* Ekko.app */,
			);
			name = Products;
			sourceTree = "<group>";
		};
		12293AC727DDEB0300EB81A2 /* Ekko */ = {
			isa = PBXGroup;
			children = (
				12293AC827DDEB0300EB81A2 /* AppDelegate.swift */,
				12293ACA27DDEB0300EB81A2 /* art.scnassets */,
				12293ACC27DDEB0300EB81A2 /* ViewController.swift */,
				12293ACE27DDEB0300EB81A2 /* Main.storyboard */,
				12293AD127DDEB0500EB81A2 /* Assets.xcassets */,
				12293AD327DDEB0500EB81A2 /* LaunchScreen.storyboard */,
			);
			path = Ekko;
			sourceTree = "<group>";
		};
/* End PBXGroup section */

/* Begin PBXNativeTarget section */
		12293AC427DDEB0300EB81A2 /* Ekko */ = {
			isa = PBXNativeTarget;
			buildConfigurationList = 12293AD827DDEB0500EB81A2 /* Build configuration list for PBXNativeTarget "Ekko" */;
			buildPhases = (
				12293AC127DDEB0300EB81A2 /* Sources */,
				12293AC227DDEB0300EB81A2 /* Frameworks */,
				12293AC327DDEB0300EB81A2 /* Resources */,
			);
			buildRules = (
			);
			dependencies = (
			);
			name = Ekko;
			packageProductDependencies = (
				12293ADD27DDEC8C00EB81A2 /* ARVideoKit */,
			);
			productName = Ekko;
			productReference = 12293AC527DDEB0300EB81A2 /* Ekko.app */;
			productType = "com.apple.product-type.application";
		};
/* End PBXNativeTarget section */

/* Begin PBXProject section */
		12293ABD27DDEB0300EB81A2 /* Project object */ = {
			isa = PBXProject;
			attributes = {
				BuildIndependentTargetsInParallel = 1;
				LastSwiftUpdateCheck = 1320;
				LastUpgradeCheck = 1320;
				TargetAttributes = {
					12293AC427DDEB0300EB81A2 = {
						CreatedOnToolsVersion = 13.2.1;
					};
				};
			};
			buildConfigurationList = 12293AC027DDEB0300EB81A2 /* Build configuration list for PBXProject "Ekko" */;
			compatibilityVersion = "Xcode 13.0";
			developmentRegion = en;
			hasScannedForEncodings = 0;
			knownRegions = (
				en,
				Base,
			);
			mainGroup = 12293ABC27DDEB0300EB81A2;
			packageReferences = (
				12293ADC27DDEC8C00EB81A2 /* XCRemoteSwiftPackageReference "ARVideoKit" */,
			);
			productRefGroup = 12293AC627DDEB0300EB81A2 /* Products */;
			projectDirPath = "";
			projectRoot = "";
			targets = (
				12293AC427DDEB0300EB81A2 /* Ekko */,
			);
		};
/* End PBXProject section */

/* Begin PBXResourcesBuildPhase section */
		12293AC327DDEB0300EB81A2 /* Resources */ = {
			isa = PBXResourcesBuildPhase;
			buildActionMask = 2147483647;
			files = (
				12293ACB27DDEB0300EB81A2 /* art.scnassets in Resources */,
				12293AD527DDEB0500EB81A2 /* LaunchScreen.storyboard in Resources */,
				12293AD227DDEB0500EB81A2 /* Assets.xcassets in Resources */,
				12293AD027DDEB0300EB81A2 /* Main.storyboard in Resources */,
			);
			runOnlyForDeploymentPostprocessing = 0;
		};
/* End PBXResourcesBuildPhase section */

/* Begin PBXSourcesBuildPhase section */
		12293AC127DDEB0300EB81A2 /* Sources */ = {
			isa = PBXSourcesBuildPhase;
			buildActionMask = 2147483647;
			files = (
				12293ACD27DDEB0300EB81A2 /* ViewController.swift in Sources */,
				12293AC927DDEB0300EB81A2 /* AppDelegate.swift in Sources */,
			);
			runOnlyForDeploymentPostprocessing = 0;
		};
/* End PBXSourcesBuildPhase section */

/* Begin PBXVariantGroup section */
		12293ACE27DDEB0300EB81A2 /* Main.storyboard */ = {
			isa = PBXVariantGroup;
			children = (
				12293ACF27DDEB0300EB81A2 /* Base */,
			);
			name = Main.storyboard;
			sourceTree = "<group>";
		};
		12293AD327DDEB0500EB81A2 /* LaunchScreen.storyboard */ = {
			isa = PBXVariantGroup;
			children = (
				12293AD427DDEB0500EB81A2 /* Base */,
			);
			name = LaunchScreen.storyboard;
			sourceTree = "<group>";
		};
/* End PBXVariantGroup section */

/* Begin XCBuildConfiguration section */
		12293AD627DDEB0500EB81A2 /* Debug */ = {
			isa = XCBuildConfiguration;
			buildSettings = {
				ALWAYS_SEARCH_USER_PATHS = NO;
				CLANG_ANALYZER_NONNULL = YES;
				CLANG_ANALYZER_NUMBER_OBJECT_CONVERSION = YES_AGGRESSIVE;
				CLANG_CXX_LANGUAGE_STANDARD = "gnu++17";
				CLANG_CXX_LIBRARY = "libc++";
				CLANG_ENABLE_MODULES = YES;
				CLANG_ENABLE_OBJC_ARC = YES;
				CLANG_ENABLE_OBJC_WEAK = YES;
				CLANG_WARN_BLOCK_CAPTURE_AUTORELEASING = YES;
				CLANG_WARN_BOOL_CONVERSION = YES;
				CLANG_WARN_COMMA = YES;
				CLANG_WARN_CONSTANT_CONVERSION = YES;
				CLANG_WARN_DEPRECATED_OBJC_IMPLEMENTATIONS = YES;
				CLANG_WARN_DIRECT_OBJC_ISA_USAGE = YES_ERROR;
				CLANG_WARN_DOCUMENTATION_COMMENTS = YES;
				CLANG_WARN_EMPTY_BODY = YES;
				CLANG_WARN_ENUM_CONVERSION = YES;
				CLANG_WARN_INFINITE_RECURSION = YES;
				CLANG_WARN_INT_CONVERSION = YES;
				CLANG_WARN_NON_LITERAL_NULL_CONVERSION = YES;
				CLANG_WARN_OBJC_IMPLICIT_RETAIN_SELF = YES;
				CLANG_WARN_OBJC_LITERAL_CONVERSION = YES;
				CLANG_WARN_OBJC_ROOT_CLASS = YES_ERROR;
				CLANG_WARN_QUOTED_INCLUDE_IN_FRAMEWORK_HEADER = YES;
				CLANG_WARN_RANGE_LOOP_ANALYSIS = YES;
				CLANG_WARN_STRICT_PROTOTYPES = YES;
				CLANG_WARN_SUSPICIOUS_MOVE = YES;
				CLANG_WARN_UNGUARDED_AVAILABILITY = YES_AGGRESSIVE;
				CLANG_WARN_UNREACHABLE_CODE = YES;
				CLANG_WARN__DUPLICATE_METHOD_MATCH = YES;
				COPY_PHASE_STRIP = NO;
				DEBUG_INFORMATION_FORMAT = dwarf;
				ENABLE_STRICT_OBJC_MSGSEND = YES;
				ENABLE_TESTABILITY = YES;
				GCC_C_LANGUAGE_STANDARD = gnu11;
				GCC_DYNAMIC_NO_PIC = NO;
				GCC_NO_COMMON_BLOCKS = YES;
				GCC_OPTIMIZATION_LEVEL = 0;
				GCC_PREPROCESSOR_DEFINITIONS = (
					"DEBUG=1",
					"$(inherited)",
				);
				GCC_WARN_64_TO_32_BIT_CONVERSION = YES;
				GCC_WARN_ABOUT_RETURN_TYPE = YES_ERROR;
				GCC_WARN_UNDECLARED_SELECTOR = YES;
				GCC_WARN_UNINITIALIZED_AUTOS = YES_AGGRESSIVE;
				GCC_WARN_UNUSED_FUNCTION = YES;
				GCC_WARN_UNUSED_VARIABLE = YES;
				IPHONEOS_DEPLOYMENT_TARGET = 15.2;
				MTL_ENABLE_DEBUG_INFO = INCLUDE_SOURCE;
				MTL_FAST_MATH = YES;
				ONLY_ACTIVE_ARCH = YES;
				SDKROOT = iphoneos;
				SWIFT_ACTIVE_COMPILATION_CONDITIONS = DEBUG;
				SWIFT_OPTIMIZATION_LEVEL = "-Onone";
			};
			name = Debug;
		};
		12293AD727DDEB0500EB81A2 /* Release */ = {
			isa = XCBuildConfiguration;
			buildSettings = {
				ALWAYS_SEARCH_USER_PATHS = NO;
				CLANG_ANALYZER_NONNULL = YES;
				CLANG_ANALYZER_NUMBER_OBJECT_CONVERSION = YES_AGGRESSIVE;
				CLANG_CXX_LANGUAGE_STANDARD = "gnu++17";
				CLANG_CXX_LIBRARY = "libc++";
				CLANG_ENABLE_MODULES = YES;
				CLANG_ENABLE_OBJC_ARC = YES;
				CLANG_ENABLE_OBJC_WEAK = YES;
				CLANG_WARN_BLOCK_CAPTURE_AUTORELEASING = YES;
				CLANG_WARN_BOOL_CONVERSION = YES;
				CLANG_WARN_COMMA = YES;
				CLANG_WARN_CONSTANT_CONVERSION = YES;
				CLANG_WARN_DEPRECATED_OBJC_IMPLEMENTATIONS = YES;
				CLANG_WARN_DIRECT_OBJC_ISA_USAGE = YES_ERROR;
				CLANG_WARN_DOCUMENTATION_COMMENTS = YES;
				CLANG_WARN_EMPTY_BODY = YES;
				CLANG_WARN_ENUM_CONVERSION = YES;
				CLANG_WARN_INFINITE_RECURSION = YES;
				CLANG_WARN_INT_CONVERSION = YES;
				CLANG_WARN_NON_LITERAL_NULL_CONVERSION = YES;
				CLANG_WARN_OBJC_IMPLICIT_RETAIN_SELF = YES;
				CLANG_WARN_OBJC_LITERAL_CONVERSION = YES;
				CLANG_WARN_OBJC_ROOT_CLASS = YES_ERROR;
				CLANG_WARN_QUOTED_INCLUDE_IN_FRAMEWORK_HEADER = YES;
				CLANG_WARN_RANGE_LOOP_ANALYSIS = YES;
				CLANG_WARN_STRICT_PROTOTYPES = YES;
				CLANG_WARN_SUSPICIOUS_MOVE = YES;
				CLANG_WARN_UNGUARDED_AVAILABILITY = YES_AGGRESSIVE;
				CLANG_WARN_UNREACHABLE_CODE = YES;
				CLANG_WARN__DUPLICATE_METHOD_MATCH = YES;
				COPY_PHASE_STRIP = NO;
				DEBUG_INFORMATION_FORMAT = "dwarf-with-dsym";
				ENABLE_NS_ASSERTIONS = NO;
				ENABLE_STRICT_OBJC_MSGSEND = YES;
				GCC_C_LANGUAGE_STANDARD = gnu11;
				GCC_NO_COMMON_BLOCKS = YES;
				GCC_WARN_64_TO_32_BIT_CONVERSION = YES;
				GCC_WARN_ABOUT_RETURN_TYPE = YES_ERROR;
				GCC_WARN_UNDECLARED_SELECTOR = YES;
				GCC_WARN_UNINITIALIZED_AUTOS = YES_AGGRESSIVE;
				GCC_WARN_UNUSED_FUNCTION = YES;
				GCC_WARN_UNUSED_VARIABLE = YES;
				IPHONEOS_DEPLOYMENT_TARGET = 15.2;
				MTL_ENABLE_DEBUG_INFO = NO;
				MTL_FAST_MATH = YES;
				SDKROOT = iphoneos;
				SWIFT_COMPILATION_MODE = wholemodule;
				SWIFT_OPTIMIZATION_LEVEL = "-O";
				VALIDATE_PRODUCT = YES;
			};
			name = Release;
		};
		12293AD927DDEB0500EB81A2 /* Debug */ = {
			isa = XCBuildConfiguration;
			buildSettings = {
				ASSETCATALOG_COMPILER_APPICON_NAME = AppIcon;
				ASSETCATALOG_COMPILER_GLOBAL_ACCENT_COLOR_NAME = AccentColor;
				CODE_SIGN_STYLE = Automatic;
				CURRENT_PROJECT_VERSION = 1;
				DEVELOPMENT_TEAM = 6YV5A2DSJ9;
				GENERATE_INFOPLIST_FILE = YES;
				INFOPLIST_KEY_NSCameraUsageDescription = "AR Camera";
				INFOPLIST_KEY_NSMicrophoneUsageDescription = "Audiovisual Recording";
				INFOPLIST_KEY_NSPhotoLibraryAddUsageDescription = "Export AR Media";
				INFOPLIST_KEY_NSPhotoLibraryUsageDescription = "Export AR Media";
				INFOPLIST_KEY_UIApplicationSupportsIndirectInputEvents = YES;
				INFOPLIST_KEY_UILaunchStoryboardName = LaunchScreen;
				INFOPLIST_KEY_UIMainStoryboardFile = Main;
				INFOPLIST_KEY_UIRequiredDeviceCapabilities = arkit;
				INFOPLIST_KEY_UIStatusBarHidden = YES;
				INFOPLIST_KEY_UISupportedInterfaceOrientations_iPad = "UIInterfaceOrientationPortrait UIInterfaceOrientationPortraitUpsideDown UIInterfaceOrientationLandscapeLeft UIInterfaceOrientationLandscapeRight";
				INFOPLIST_KEY_UISupportedInterfaceOrientations_iPhone = "UIInterfaceOrientationPortrait UIInterfaceOrientationLandscapeLeft UIInterfaceOrientationLandscapeRight";
				LD_RUNPATH_SEARCH_PATHS = (
					"$(inherited)",
					"@executable_path/Frameworks",
				);
				MARKETING_VERSION = 1.0;
				PRODUCT_BUNDLE_IDENTIFIER = mobi.uchicago.Ekko;
				PRODUCT_NAME = "$(TARGET_NAME)";
				SWIFT_EMIT_LOC_STRINGS = YES;
				SWIFT_VERSION = 5.0;
				TARGETED_DEVICE_FAMILY = "1,2";
			};
			name = Debug;
		};
		12293ADA27DDEB0500EB81A2 /* Release */ = {
			isa = XCBuildConfiguration;
			buildSettings = {
				ASSETCATALOG_COMPILER_APPICON_NAME = AppIcon;
				ASSETCATALOG_COMPILER_GLOBAL_ACCENT_COLOR_NAME = AccentColor;
				CODE_SIGN_STYLE = Automatic;
				CURRENT_PROJECT_VERSION = 1;
				DEVELOPMENT_TEAM = 6YV5A2DSJ9;
				GENERATE_INFOPLIST_FILE = YES;
				INFOPLIST_KEY_NSCameraUsageDescription = "AR Camera";
				INFOPLIST_KEY_NSMicrophoneUsageDescription = "Audiovisual Recording";
				INFOPLIST_KEY_NSPhotoLibraryAddUsageDescription = "Export AR Media";
				INFOPLIST_KEY_NSPhotoLibraryUsageDescription = "Export AR Media";
				INFOPLIST_KEY_UIApplicationSupportsIndirectInputEvents = YES;
				INFOPLIST_KEY_UILaunchStoryboardName = LaunchScreen;
				INFOPLIST_KEY_UIMainStoryboardFile = Main;
				INFOPLIST_KEY_UIRequiredDeviceCapabilities = arkit;
				INFOPLIST_KEY_UIStatusBarHidden = YES;
				INFOPLIST_KEY_UISupportedInterfaceOrientations_iPad = "UIInterfaceOrientationPortrait UIInterfaceOrientationPortraitUpsideDown UIInterfaceOrientationLandscapeLeft UIInterfaceOrientationLandscapeRight";
				INFOPLIST_KEY_UISupportedInterfaceOrientations_iPhone = "UIInterfaceOrientationPortrait UIInterfaceOrientationLandscapeLeft UIInterfaceOrientationLandscapeRight";
				LD_RUNPATH_SEARCH_PATHS = (
					"$(inherited)",
					"@executable_path/Frameworks",
				);
				MARKETING_VERSION = 1.0;
				PRODUCT_BUNDLE_IDENTIFIER = mobi.uchicago.Ekko;
				PRODUCT_NAME = "$(TARGET_NAME)";
				SWIFT_EMIT_LOC_STRINGS = YES;
				SWIFT_VERSION = 5.0;
				TARGETED_DEVICE_FAMILY = "1,2";
			};
			name = Release;
		};
/* End XCBuildConfiguration section */

/* Begin XCConfigurationList section */
		12293AC027DDEB0300EB81A2 /* Build configuration list for PBXProject "Ekko" */ = {
			isa = XCConfigurationList;
			buildConfigurations = (
				12293AD627DDEB0500EB81A2 /* Debug */,
				12293AD727DDEB0500EB81A2 /* Release */,
			);
			defaultConfigurationIsVisible = 0;
			defaultConfigurationName = Release;
		};
		12293AD827DDEB0500EB81A2 /* Build configuration list for PBXNativeTarget "Ekko" */ = {
			isa = XCConfigurationList;
			buildConfigurations = (
				12293AD927DDEB0500EB81A2 /* Debug */,
				12293ADA27DDEB0500EB81A2 /* Release */,
			);
			defaultConfigurationIsVisible = 0;
			defaultConfigurationName = Release;
		};
/* End XCConfigurationList section */

/* Begin XCRemoteSwiftPackageReference section */
		12293ADC27DDEC8C00EB81A2 /* XCRemoteSwiftPackageReference "ARVideoKit" */ = {
			isa = XCRemoteSwiftPackageReference;
			repositoryURL = "https://github.com/AFathi/ARVideoKit";
			requirement = {
				kind = exactVersion;
				version = 1.6.0;
			};
		};
/* End XCRemoteSwiftPackageReference section */

/* Begin XCSwiftPackageProductDependency section */
		12293ADD27DDEC8C00EB81A2 /* ARVideoKit */ = {
			isa = XCSwiftPackageProductDependency;
			package = 12293ADC27DDEC8C00EB81A2 /* XCRemoteSwiftPackageReference "ARVideoKit" */;
			productName = ARVideoKit;
		};
/* End XCSwiftPackageProductDependency section */
	};
	rootObject = 12293ABD27DDEB0300EB81A2 /* Project object */;
}
